# This file is automatically @generated by Cargo.
# It is not intended for manual editing.
version = 3

[[package]]
name = "spindle-api"
version = "0.1.0"

[[package]]
name = "spindle-archive"
version = "0.1.0"

[[package]]
name = "spindle-authz"
version = "0.1.0"

[[package]]
name = "spindle-cli"
version = "0.1.0"

[[package]]
name = "spindle-compliance"
version = "0.1.0"

[[package]]
name = "spindle-config"
version = "0.1.0"

[[package]]
name = "spindle-corpus-capture"
version = "0.1.0"

[[package]]
name = "spindle-error"
version = "0.1.0"

[[package]]
name = "spindle-identity"
version = "0.1.0"

[[package]]
name = "spindle-ingest"
version = "0.1.0"

[[package]]
name = "spindle-obs"
version = "0.1.0"

[[package]]
name = "spindle-pipeline"
version = "0.1.0"

[[package]]
name = "spindle-rawarchive"
version = "0.1.0"

[[package]]
name = "spindle-server"
version = "0.1.0"

[[package]]
name = "spindle-signing"
version = "0.1.0"

[[package]]
name = "spindle-store"
version = "0.1.0"

[[package]]
name = "spindle-tokens"
version = "0.1.0"

[[package]]
name = "spindle-worker"
version = "0.1.0"
